
Microsoft Visual Studio Solution File, Format Version 12.00
# Visual Studio Version 17
VisualStudioVersion = 17.14.36429.23 d17.14
MinimumVisualStudioVersion = 10.0.40219.1
Project("{FAE04EC0-301F-11D3-BF4B-00C04F79EFBC}") = "SacombankWinform", "SacombankWinform\SacombankWinform.csproj", "{8023132E-D9C0-408F-90A0-B0B0C6D8746D}"
EndProject
Global
	GlobalSection(SolutionConfigurationPlatforms) = preSolution
		Debug|Any CPU = Debug|Any CPU
		Release|Any CPU = Release|Any CPU
	EndGlobalSection
	GlobalSection(ProjectConfigurationPlatforms) = postSolution
		{8023132E-D9C0-408F-90A0-B0B0C6D8746D}.Debug|Any CPU.ActiveCfg = Debug|Any CPU
		{8023132E-D9C0-408F-90A0-B0B0C6D8746D}.Debug|Any CPU.Build.0 = Debug|Any CPU
		{8023132E-D9C0-408F-90A0-B0B0C6D8746D}.Release|Any CPU.ActiveCfg = Release|Any CPU
		{8023132E-D9C0-408F-90A0-B0B0C6D8746D}.Release|Any CPU.Build.0 = Release|Any CPU
	EndGlobalSection
	GlobalSection(SolutionProperties) = preSolution
		HideSolutionNode = FALSE
	EndGlobalSection
	GlobalSection(ExtensibilityGlobals) = postSolution
		SolutionGuid = {3951CC35-3213-4829-AA48-5407940F1448}
	EndGlobalSection
EndGlobal
